
Microsoft Visual Studio Solution File, Format Version 12.00
# Visual Studio 15
VisualStudioVersion = 15.0.28307.329
MinimumVisualStudioVersion = 10.0.40219.1
Project("{FAE04EC0-301F-11D3-BF4B-00C04F79EFBC}") = "WebClientPrint5MVC5CS", "WebClientPrint5MVC5CS\WebClientPrint5MVC5CS.csproj", "{4F484A1C-248C-46FB-B4B9-D270604DDD59}"
EndProject
Global
	GlobalSection(SolutionConfigurationPlatforms) = preSolution
		Debug|Any CPU = Debug|Any CPU
		Release|Any CPU = Release|Any CPU
	EndGlobalSection
	GlobalSection(ProjectConfigurationPlatforms) = postSolution
		{4F484A1C-248C-46FB-B4B9-D270604DDD59}.Debug|Any CPU.ActiveCfg = Debug|Any CPU
		{4F484A1C-248C-46FB-B4B9-D270604DDD59}.Debug|Any CPU.Build.0 = Debug|Any CPU
		{4F484A1C-248C-46FB-B4B9-D270604DDD59}.Release|Any CPU.ActiveCfg = Release|Any CPU
		{4F484A1C-248C-46FB-B4B9-D270604DDD59}.Release|Any CPU.Build.0 = Release|Any CPU
	EndGlobalSection
	GlobalSection(SolutionProperties) = preSolution
		HideSolutionNode = FALSE
	EndGlobalSection
	GlobalSection(ExtensibilityGlobals) = postSolution
		SolutionGuid = {A7537057-21BB-424C-A44D-4FD16B64FA49}
	EndGlobalSection
EndGlobal
