
Microsoft Visual Studio Solution File, Format Version 12.00
# Visual Studio Version 16
VisualStudioVersion = 16.0.29201.188
MinimumVisualStudioVersion = 10.0.40219.1
Project("{FAE04EC0-301F-11D3-BF4B-00C04F79EFBC}") = "testing", "testing\testing.csproj", "{1943198C-C772-4FDD-BD20-45A96A993EBC}"
EndProject
Global
	GlobalSection(SolutionConfigurationPlatforms) = preSolution
		Debug|Any CPU = Debug|Any CPU
		Release|Any CPU = Release|Any CPU
	EndGlobalSection
	GlobalSection(ProjectConfigurationPlatforms) = postSolution
		{1943198C-C772-4FDD-BD20-45A96A993EBC}.Debug|Any CPU.ActiveCfg = Debug|Any CPU
		{1943198C-C772-4FDD-BD20-45A96A993EBC}.Debug|Any CPU.Build.0 = Debug|Any CPU
		{1943198C-C772-4FDD-BD20-45A96A993EBC}.Release|Any CPU.ActiveCfg = Release|Any CPU
		{1943198C-C772-4FDD-BD20-45A96A993EBC}.Release|Any CPU.Build.0 = Release|Any CPU
	EndGlobalSection
	GlobalSection(SolutionProperties) = preSolution
		HideSolutionNode = FALSE
	EndGlobalSection
	GlobalSection(ExtensibilityGlobals) = postSolution
		SolutionGuid = {71FBC80B-9C0F-4331-98C7-5E6742EFCD7B}
	EndGlobalSection
EndGlobal
