
Microsoft Visual Studio Solution File, Format Version 12.00
# Visual Studio 15
VisualStudioVersion = 15.0.28307.329
MinimumVisualStudioVersion = 10.0.40219.1
Project("{FAE04EC0-301F-11D3-BF4B-00C04F79EFBC}") = "WebForm", "WebForm\WebForm.csproj", "{30386D71-F593-40EA-885C-7867A1B77115}"
EndProject
Global
	GlobalSection(SolutionConfigurationPlatforms) = preSolution
		Debug|Any CPU = Debug|Any CPU
		Release|Any CPU = Release|Any CPU
	EndGlobalSection
	GlobalSection(ProjectConfigurationPlatforms) = postSolution
		{30386D71-F593-40EA-885C-7867A1B77115}.Debug|Any CPU.ActiveCfg = Debug|Any CPU
		{30386D71-F593-40EA-885C-7867A1B77115}.Debug|Any CPU.Build.0 = Debug|Any CPU
		{30386D71-F593-40EA-885C-7867A1B77115}.Release|Any CPU.ActiveCfg = Release|Any CPU
		{30386D71-F593-40EA-885C-7867A1B77115}.Release|Any CPU.Build.0 = Release|Any CPU
	EndGlobalSection
	GlobalSection(SolutionProperties) = preSolution
		HideSolutionNode = FALSE
	EndGlobalSection
	GlobalSection(ExtensibilityGlobals) = postSolution
		SolutionGuid = {14A0F492-83A7-4C49-8B97-389574B78204}
	EndGlobalSection
EndGlobal
